{
  "version": 4,
  "terraform_version": "1.10.5",
  "serial": 72,
  "lineage": "ad26a079-21c2-47fd-0fa2-7f2d0da014c4",
  "outputs": {},
  "resources": [
    {
      "mode": "managed",
      "type": "azurerm_network_interface",
      "name": "nic",
      "provider": "provider[\"registry.terraform.io/hashicorp/azurerm\"]",
      "instances": [
        {
          "schema_version": 0,
          "attributes": {
            "applied_dns_servers": [],
            "dns_servers": [],
            "enable_accelerated_networking": false,
            "enable_ip_forwarding": false,
            "id": "/subscriptions/b371c9ef-ea0e-43f0-8c07-36bf437c26d2/resourceGroups/rg-t7/providers/Microsoft.Network/networkInterfaces/nic-controlplane-t7",
            "internal_dns_name_label": "",
            "internal_domain_name_suffix": "fnr5nhfc5vruraj1cleokaqaye.ax.internal.cloudapp.net",
            "ip_configuration": [
              {
                "name": "myNicConfig",
                "primary": true,
                "private_ip_address": "10.0.1.4",
                "private_ip_address_allocation": "Dynamic",
                "private_ip_address_version": "IPv4",
                "public_ip_address_id": "/subscriptions/b371c9ef-ea0e-43f0-8c07-36bf437c26d2/resourceGroups/rg-t7/providers/Microsoft.Network/publicIPAddresses/controlplanepip-t7",
                "subnet_id": "/subscriptions/b371c9ef-ea0e-43f0-8c07-36bf437c26d2/resourceGroups/rg-t7/providers/Microsoft.Network/virtualNetworks/mgzt7vnet/subnets/controlplane-subnet-t7"
              }
            ],
            "location": "westeurope",
            "mac_address": "7C-1E-52-84-85-68",
            "name": "nic-controlplane-t7",
            "private_ip_address": "10.0.1.4",
            "private_ip_addresses": [
              "10.0.1.4"
            ],
            "resource_group_name": "rg-t7",
            "tags": {
              "environment": "production"
            },
            "timeouts": null,
            "virtual_machine_id": "/subscriptions/b371c9ef-ea0e-43f0-8c07-36bf437c26d2/resourceGroups/rg-t7/providers/Microsoft.Compute/virtualMachines/controlplane"
          },
          "sensitive_attributes": [],
          "private": "eyJlMmJmYjczMC1lY2FhLTExZTYtOGY4OC0zNDM2M2JjN2M0YzAiOnsiY3JlYXRlIjoxODAwMDAwMDAwMDAwLCJkZWxldGUiOjE4MDAwMDAwMDAwMDAsInJlYWQiOjMwMDAwMDAwMDAwMCwidXBkYXRlIjoxODAwMDAwMDAwMDAwfX0=",
          "dependencies": [
            "azurerm_public_ip.public_ip",
            "azurerm_resource_group.rg",
            "azurerm_subnet.subnet",
            "azurerm_virtual_network.vnet"
          ]
        }
      ]
    },
    {
      "mode": "managed",
      "type": "azurerm_network_interface_security_group_association",
      "name": "association",
      "provider": "provider[\"registry.terraform.io/hashicorp/azurerm\"]",
      "instances": [
        {
          "schema_version": 0,
          "attributes": {
            "id": "/subscriptions/b371c9ef-ea0e-43f0-8c07-36bf437c26d2/resourceGroups/rg-t7/providers/Microsoft.Network/networkInterfaces/nic-controlplane-t7|/subscriptions/b371c9ef-ea0e-43f0-8c07-36bf437c26d2/resourceGroups/rg-t7/providers/Microsoft.Network/networkSecurityGroups/nsg-cp-t7",
            "network_interface_id": "/subscriptions/b371c9ef-ea0e-43f0-8c07-36bf437c26d2/resourceGroups/rg-t7/providers/Microsoft.Network/networkInterfaces/nic-controlplane-t7",
            "network_security_group_id": "/subscriptions/b371c9ef-ea0e-43f0-8c07-36bf437c26d2/resourceGroups/rg-t7/providers/Microsoft.Network/networkSecurityGroups/nsg-cp-t7",
            "timeouts": null
          },
          "sensitive_attributes": [],
          "private": "eyJlMmJmYjczMC1lY2FhLTExZTYtOGY4OC0zNDM2M2JjN2M0YzAiOnsiY3JlYXRlIjoxODAwMDAwMDAwMDAwLCJkZWxldGUiOjE4MDAwMDAwMDAwMDAsInJlYWQiOjMwMDAwMDAwMDAwMCwidXBkYXRlIjoxODAwMDAwMDAwMDAwfX0=",
          "dependencies": [
            "azurerm_network_interface.nic",
            "azurerm_network_security_group.nsg",
            "azurerm_public_ip.public_ip",
            "azurerm_resource_group.rg",
            "azurerm_subnet.subnet",
            "azurerm_virtual_network.vnet"
          ]
        }
      ]
    },
    {
      "mode": "managed",
      "type": "azurerm_network_security_group",
      "name": "nsg",
      "provider": "provider[\"registry.terraform.io/hashicorp/azurerm\"]",
      "instances": [
        {
          "schema_version": 0,
          "attributes": {
            "id": "/subscriptions/b371c9ef-ea0e-43f0-8c07-36bf437c26d2/resourceGroups/rg-t7/providers/Microsoft.Network/networkSecurityGroups/nsg-cp-t7",
            "location": "westeurope",
            "name": "nsg-cp-t7",
            "resource_group_name": "rg-t7",
            "security_rule": [
              {
                "access": "Allow",
                "description": "",
                "destination_address_prefix": "*",
                "destination_address_prefixes": [],
                "destination_application_security_group_ids": [],
                "destination_port_range": "22",
                "destination_port_ranges": [],
                "direction": "Inbound",
                "name": "SSH",
                "priority": 1001,
                "protocol": "Tcp",
                "source_address_prefix": "*",
                "source_address_prefixes": [],
                "source_application_security_group_ids": [],
                "source_port_range": "*",
                "source_port_ranges": []
              },
              {
                "access": "Allow",
                "description": "",
                "destination_address_prefix": "*",
                "destination_address_prefixes": [],
                "destination_application_security_group_ids": [],
                "destination_port_range": "80",
                "destination_port_ranges": [],
                "direction": "Inbound",
                "name": "HTTP",
                "priority": 1002,
                "protocol": "Tcp",
                "source_address_prefix": "*",
                "source_address_prefixes": [],
                "source_application_security_group_ids": [],
                "source_port_range": "*",
                "source_port_ranges": []
              }
            ],
            "tags": {
              "environment": "production"
            },
            "timeouts": null
          },
          "sensitive_attributes": [],
          "private": "eyJlMmJmYjczMC1lY2FhLTExZTYtOGY4OC0zNDM2M2JjN2M0YzAiOnsiY3JlYXRlIjoxODAwMDAwMDAwMDAwLCJkZWxldGUiOjE4MDAwMDAwMDAwMDAsInJlYWQiOjMwMDAwMDAwMDAwMCwidXBkYXRlIjoxODAwMDAwMDAwMDAwfX0=",
          "dependencies": [
            "azurerm_resource_group.rg"
          ]
        }
      ]
    },
    {
      "mode": "managed",
      "type": "azurerm_public_ip",
      "name": "public_ip",
      "provider": "provider[\"registry.terraform.io/hashicorp/azurerm\"]",
      "instances": [
        {
          "schema_version": 0,
          "attributes": {
            "allocation_method": "Dynamic",
            "availability_zone": "No-Zone",
            "domain_name_label": null,
            "fqdn": null,
            "id": "/subscriptions/b371c9ef-ea0e-43f0-8c07-36bf437c26d2/resourceGroups/rg-t7/providers/Microsoft.Network/publicIPAddresses/controlplanepip-t7",
            "idle_timeout_in_minutes": 4,
            "ip_address": "52.174.84.242",
            "ip_tags": {},
            "ip_version": "IPv4",
            "location": "westeurope",
            "name": "controlplanepip-t7",
            "public_ip_prefix_id": null,
            "resource_group_name": "rg-t7",
            "reverse_fqdn": null,
            "sku": "Basic",
            "sku_tier": "Regional",
            "tags": {
              "environment": "production"
            },
            "timeouts": null,
            "zones": []
          },
          "sensitive_attributes": [],
          "private": "eyJlMmJmYjczMC1lY2FhLTExZTYtOGY4OC0zNDM2M2JjN2M0YzAiOnsiY3JlYXRlIjoxODAwMDAwMDAwMDAwLCJkZWxldGUiOjE4MDAwMDAwMDAwMDAsInJlYWQiOjMwMDAwMDAwMDAwMCwidXBkYXRlIjoxODAwMDAwMDAwMDAwfX0=",
          "dependencies": [
            "azurerm_resource_group.rg"
          ]
        }
      ]
    },
    {
      "mode": "managed",
      "type": "azurerm_resource_group",
      "name": "rg",
      "provider": "provider[\"registry.terraform.io/hashicorp/azurerm\"]",
      "instances": [
        {
          "schema_version": 0,
          "attributes": {
            "id": "/subscriptions/b371c9ef-ea0e-43f0-8c07-36bf437c26d2/resourceGroups/rg-t7",
            "location": "westeurope",
            "name": "rg-t7",
            "tags": {
              "environment": "production"
            },
            "timeouts": null
          },
          "sensitive_attributes": [],
          "private": "eyJlMmJmYjczMC1lY2FhLTExZTYtOGY4OC0zNDM2M2JjN2M0YzAiOnsiY3JlYXRlIjo1NDAwMDAwMDAwMDAwLCJkZWxldGUiOjU0MDAwMDAwMDAwMDAsInJlYWQiOjMwMDAwMDAwMDAwMCwidXBkYXRlIjo1NDAwMDAwMDAwMDAwfX0="
        }
      ]
    },
    {
      "mode": "managed",
      "type": "azurerm_subnet",
      "name": "subnet",
      "provider": "provider[\"registry.terraform.io/hashicorp/azurerm\"]",
      "instances": [
        {
          "schema_version": 0,
          "attributes": {
            "address_prefix": "10.0.1.0/24",
            "address_prefixes": [
              "10.0.1.0/24"
            ],
            "delegation": [],
            "enforce_private_link_endpoint_network_policies": false,
            "enforce_private_link_service_network_policies": false,
            "id": "/subscriptions/b371c9ef-ea0e-43f0-8c07-36bf437c26d2/resourceGroups/rg-t7/providers/Microsoft.Network/virtualNetworks/mgzt7vnet/subnets/controlplane-subnet-t7",
            "name": "controlplane-subnet-t7",
            "resource_group_name": "rg-t7",
            "service_endpoint_policy_ids": [],
            "service_endpoints": [],
            "timeouts": null,
            "virtual_network_name": "mgzt7vnet"
          },
          "sensitive_attributes": [],
          "private": "eyJlMmJmYjczMC1lY2FhLTExZTYtOGY4OC0zNDM2M2JjN2M0YzAiOnsiY3JlYXRlIjoxODAwMDAwMDAwMDAwLCJkZWxldGUiOjE4MDAwMDAwMDAwMDAsInJlYWQiOjMwMDAwMDAwMDAwMCwidXBkYXRlIjoxODAwMDAwMDAwMDAwfX0=",
          "dependencies": [
            "azurerm_resource_group.rg",
            "azurerm_virtual_network.vnet"
          ]
        }
      ]
    },
    {
      "mode": "managed",
      "type": "azurerm_virtual_network",
      "name": "vnet",
      "provider": "provider[\"registry.terraform.io/hashicorp/azurerm\"]",
      "instances": [
        {
          "schema_version": 0,
          "attributes": {
            "address_space": [
              "10.0.0.0/16"
            ],
            "bgp_community": "",
            "ddos_protection_plan": [],
            "dns_servers": [],
            "guid": "9cf6632b-fda2-4863-813b-12c8e50200c4",
            "id": "/subscriptions/b371c9ef-ea0e-43f0-8c07-36bf437c26d2/resourceGroups/rg-t7/providers/Microsoft.Network/virtualNetworks/mgzt7vnet",
            "location": "westeurope",
            "name": "mgzt7vnet",
            "resource_group_name": "rg-t7",
            "subnet": [
              {
                "address_prefix": "10.0.1.0/24",
                "id": "/subscriptions/b371c9ef-ea0e-43f0-8c07-36bf437c26d2/resourceGroups/rg-t7/providers/Microsoft.Network/virtualNetworks/mgzt7vnet/subnets/controlplane-subnet-t7",
                "name": "controlplane-subnet-t7",
                "security_group": ""
              }
            ],
            "tags": {
              "environment": "production"
            },
            "timeouts": null,
            "vm_protection_enabled": false
          },
          "sensitive_attributes": [],
          "private": "eyJlMmJmYjczMC1lY2FhLTExZTYtOGY4OC0zNDM2M2JjN2M0YzAiOnsiY3JlYXRlIjoxODAwMDAwMDAwMDAwLCJkZWxldGUiOjE4MDAwMDAwMDAwMDAsInJlYWQiOjMwMDAwMDAwMDAwMCwidXBkYXRlIjoxODAwMDAwMDAwMDAwfX0=",
          "dependencies": [
            "azurerm_resource_group.rg"
          ]
        }
      ]
    }
  ],
  "check_results": null
}
